// !$*UTF8*$!
{
	archiveVersion = 1;
	classes = {
	};
	objectVersion = 56;
	objects = {

/* Begin PBXBuildFile section */
		7113C3CE2AB6D36700B75B30 /* AppDelegate.swift in Sources */ = {isa = PBXBuildFile; fileRef = 7113C3CD2AB6D36700B75B30 /* AppDelegate.swift */; };
		7113C3D02AB6D36700B75B30 /* SceneDelegate.swift in Sources */ = {isa = PBXBuildFile; fileRef = 7113C3CF2AB6D36700B75B30 /* SceneDelegate.swift */; };
		7113C3D22AB6D36700B75B30 /* ViewController.swift in Sources */ = {isa = PBXBuildFile; fileRef = 7113C3D12AB6D36700B75B30 /* ViewController.swift */; };
		7113C3D52AB6D36700B75B30 /* Main.storyboard in Resources */ = {isa = PBXBuildFile; fileRef = 7113C3D32AB6D36700B75B30 /* Main.storyboard */; };
		7113C3D72AB6D36800B75B30 /* Assets.xcassets in Resources */ = {isa = PBXBuildFile; fileRef = 7113C3D62AB6D36800B75B30 /* Assets.xcassets */; };
		7113C3DA2AB6D36800B75B30 /* LaunchScreen.storyboard in Resources */ = {isa = PBXBuildFile; fileRef = 7113C3D82AB6D36800B75B30 /* LaunchScreen.storyboard */; };
		7113C3E32AB6D50C00B75B30 /* CategoriesCell.swift in Sources */ = {isa = PBXBuildFile; fileRef = 7113C3E12AB6D50C00B75B30 /* CategoriesCell.swift */; };
		7113C3E42AB6D50C00B75B30 /* CategoriesCell.xib in Resources */ = {isa = PBXBuildFile; fileRef = 7113C3E22AB6D50C00B75B30 /* CategoriesCell.xib */; };
		7113C3E72AB6D52100B75B30 /* BannersCell.swift in Sources */ = {isa = PBXBuildFile; fileRef = 7113C3E52AB6D52100B75B30 /* BannersCell.swift */; };
		7113C3E82AB6D52100B75B30 /* BannersCell.xib in Resources */ = {isa = PBXBuildFile; fileRef = 7113C3E62AB6D52100B75B30 /* BannersCell.xib */; };
		7113C3EB2AB6D54D00B75B30 /* ProductsCell.swift in Sources */ = {isa = PBXBuildFile; fileRef = 7113C3E92AB6D54D00B75B30 /* ProductsCell.swift */; };
		7113C3EC2AB6D54D00B75B30 /* ProductsCell.xib in Resources */ = {isa = PBXBuildFile; fileRef = 7113C3EA2AB6D54D00B75B30 /* ProductsCell.xib */; };
		7113C3EF2AB6D5E000B75B30 /* CategoryCollectionViewCell.swift in Sources */ = {isa = PBXBuildFile; fileRef = 7113C3ED2AB6D5E000B75B30 /* CategoryCollectionViewCell.swift */; };
		7113C3F02AB6D5E000B75B30 /* CategoryCollectionViewCell.xib in Resources */ = {isa = PBXBuildFile; fileRef = 7113C3EE2AB6D5E000B75B30 /* CategoryCollectionViewCell.xib */; };
		7113C3F32AB6D5F100B75B30 /* BannerCollectionViewCell.swift in Sources */ = {isa = PBXBuildFile; fileRef = 7113C3F12AB6D5F100B75B30 /* BannerCollectionViewCell.swift */; };
		7113C3F42AB6D5F100B75B30 /* BannerCollectionViewCell.xib in Resources */ = {isa = PBXBuildFile; fileRef = 7113C3F22AB6D5F100B75B30 /* BannerCollectionViewCell.xib */; };
		7113C3F72AB6D60100B75B30 /* ProductCollectionViewCell.swift in Sources */ = {isa = PBXBuildFile; fileRef = 7113C3F52AB6D60100B75B30 /* ProductCollectionViewCell.swift */; };
		7113C3F82AB6D60100B75B30 /* ProductCollectionViewCell.xib in Resources */ = {isa = PBXBuildFile; fileRef = 7113C3F62AB6D60100B75B30 /* ProductCollectionViewCell.xib */; };
		7113C4012AB6D71C00B75B30 /* Extension.swift in Sources */ = {isa = PBXBuildFile; fileRef = 7113C4002AB6D71C00B75B30 /* Extension.swift */; };
		7113C4032AB6D8C400B75B30 /* Model.swift in Sources */ = {isa = PBXBuildFile; fileRef = 7113C4022AB6D8C400B75B30 /* Model.swift */; };
		7113C4052AB6DE7D00B75B30 /* ViewModel.swift in Sources */ = {isa = PBXBuildFile; fileRef = 7113C4042AB6DE7D00B75B30 /* ViewModel.swift */; };
/* End PBXBuildFile section */

/* Begin PBXFileReference section */
		7113C3CA2AB6D36700B75B30 /* Stores.app */ = {isa = PBXFileReference; explicitFileType = wrapper.application; includeInIndex = 0; path = Stores.app; sourceTree = BUILT_PRODUCTS_DIR; };
		7113C3CD2AB6D36700B75B30 /* AppDelegate.swift */ = {isa = PBXFileReference; lastKnownFileType = sourcecode.swift; path = AppDelegate.swift; sourceTree = "<group>"; };
		7113C3CF2AB6D36700B75B30 /* SceneDelegate.swift */ = {isa = PBXFileReference; lastKnownFileType = sourcecode.swift; path = SceneDelegate.swift; sourceTree = "<group>"; };
		7113C3D12AB6D36700B75B30 /* ViewController.swift */ = {isa = PBXFileReference; lastKnownFileType = sourcecode.swift; path = ViewController.swift; sourceTree = "<group>"; };
		7113C3D42AB6D36700B75B30 /* Base */ = {isa = PBXFileReference; lastKnownFileType = file.storyboard; name = Base; path = Base.lproj/Main.storyboard; sourceTree = "<group>"; };
		7113C3D62AB6D36800B75B30 /* Assets.xcassets */ = {isa = PBXFileReference; lastKnownFileType = folder.assetcatalog; path = Assets.xcassets; sourceTree = "<group>"; };
		7113C3D92AB6D36800B75B30 /* Base */ = {isa = PBXFileReference; lastKnownFileType = file.storyboard; name = Base; path = Base.lproj/LaunchScreen.storyboard; sourceTree = "<group>"; };
		7113C3DB2AB6D36800B75B30 /* Info.plist */ = {isa = PBXFileReference; lastKnownFileType = text.plist.xml; path = Info.plist; sourceTree = "<group>"; };
		7113C3E12AB6D50C00B75B30 /* CategoriesCell.swift */ = {isa = PBXFileReference; lastKnownFileType = sourcecode.swift; path = CategoriesCell.swift; sourceTree = "<group>"; };
		7113C3E22AB6D50C00B75B30 /* CategoriesCell.xib */ = {isa = PBXFileReference; lastKnownFileType = file.xib; path = CategoriesCell.xib; sourceTree = "<group>"; };
		7113C3E52AB6D52100B75B30 /* BannersCell.swift */ = {isa = PBXFileReference; lastKnownFileType = sourcecode.swift; path = BannersCell.swift; sourceTree = "<group>"; };
		7113C3E62AB6D52100B75B30 /* BannersCell.xib */ = {isa = PBXFileReference; lastKnownFileType = file.xib; path = BannersCell.xib; sourceTree = "<group>"; };
		7113C3E92AB6D54D00B75B30 /* ProductsCell.swift */ = {isa = PBXFileReference; lastKnownFileType = sourcecode.swift; path = ProductsCell.swift; sourceTree = "<group>"; };
		7113C3EA2AB6D54D00B75B30 /* ProductsCell.xib */ = {isa = PBXFileReference; lastKnownFileType = file.xib; path = ProductsCell.xib; sourceTree = "<group>"; };
		7113C3ED2AB6D5E000B75B30 /* CategoryCollectionViewCell.swift */ = {isa = PBXFileReference; lastKnownFileType = sourcecode.swift; path = CategoryCollectionViewCell.swift; sourceTree = "<group>"; };
		7113C3EE2AB6D5E000B75B30 /* CategoryCollectionViewCell.xib */ = {isa = PBXFileReference; lastKnownFileType = file.xib; path = CategoryCollectionViewCell.xib; sourceTree = "<group>"; };
		7113C3F12AB6D5F100B75B30 /* BannerCollectionViewCell.swift */ = {isa = PBXFileReference; lastKnownFileType = sourcecode.swift; path = BannerCollectionViewCell.swift; sourceTree = "<group>"; };
		7113C3F22AB6D5F100B75B30 /* BannerCollectionViewCell.xib */ = {isa = PBXFileReference; lastKnownFileType = file.xib; path = BannerCollectionViewCell.xib; sourceTree = "<group>"; };
		7113C3F52AB6D60100B75B30 /* ProductCollectionViewCell.swift */ = {isa = PBXFileReference; lastKnownFileType = sourcecode.swift; path = ProductCollectionViewCell.swift; sourceTree = "<group>"; };
		7113C3F62AB6D60100B75B30 /* ProductCollectionViewCell.xib */ = {isa = PBXFileReference; lastKnownFileType = file.xib; path = ProductCollectionViewCell.xib; sourceTree = "<group>"; };
		7113C4002AB6D71C00B75B30 /* Extension.swift */ = {isa = PBXFileReference; lastKnownFileType = sourcecode.swift; path = Extension.swift; sourceTree = "<group>"; };
		7113C4022AB6D8C400B75B30 /* Model.swift */ = {isa = PBXFileReference; lastKnownFileType = sourcecode.swift; path = Model.swift; sourceTree = "<group>"; };
		7113C4042AB6DE7D00B75B30 /* ViewModel.swift */ = {isa = PBXFileReference; lastKnownFileType = sourcecode.swift; path = ViewModel.swift; sourceTree = "<group>"; };
/* End PBXFileReference section */

/* Begin PBXFrameworksBuildPhase section */
		7113C3C72AB6D36700B75B30 /* Frameworks */ = {
			isa = PBXFrameworksBuildPhase;
			buildActionMask = 2147483647;
			files = (
			);
			runOnlyForDeploymentPostprocessing = 0;
		};
/* End PBXFrameworksBuildPhase section */

/* Begin PBXGroup section */
		7113C3C12AB6D36700B75B30 = {
			isa = PBXGroup;
			children = (
				7113C3CC2AB6D36700B75B30 /* Stores */,
				7113C3CB2AB6D36700B75B30 /* Products */,
			);
			sourceTree = "<group>";
		};
		7113C3CB2AB6D36700B75B30 /* Products */ = {
			isa = PBXGroup;
			children = (
				7113C3CA2AB6D36700B75B30 /* Stores.app */,
			);
			name = Products;
			sourceTree = "<group>";
		};
		7113C3CC2AB6D36700B75B30 /* Stores */ = {
			isa = PBXGroup;
			children = (
				7113C3F92AB6D60E00B75B30 /* Appdelegate */,
				7113C3FA2AB6D63200B75B30 /* Sources */,
				7113C3FB2AB6D65A00B75B30 /* Resources */,
				7113C3DB2AB6D36800B75B30 /* Info.plist */,
			);
			path = Stores;
			sourceTree = "<group>";
		};
		7113C3F92AB6D60E00B75B30 /* Appdelegate */ = {
			isa = PBXGroup;
			children = (
				7113C3CD2AB6D36700B75B30 /* AppDelegate.swift */,
				7113C3CF2AB6D36700B75B30 /* SceneDelegate.swift */,
			);
			path = Appdelegate;
			sourceTree = "<group>";
		};
		7113C3FA2AB6D63200B75B30 /* Sources */ = {
			isa = PBXGroup;
			children = (
				7113C3FD2AB6D6BD00B75B30 /* Controller */,
				7113C4062AB71C0000B75B30 /* ModelClass */,
				7113C3FE2AB6D6D500B75B30 /* TableViewCells */,
				7113C3FF2AB6D6E100B75B30 /* CollectionViewCells */,
			);
			path = Sources;
			sourceTree = "<group>";
		};
		7113C3FB2AB6D65A00B75B30 /* Resources */ = {
			isa = PBXGroup;
			children = (
				7113C3FC2AB6D68700B75B30 /* Storyboards */,
				7113C4072AB71CCB00B75B30 /* Asset */,
			);
			path = Resources;
			sourceTree = "<group>";
		};
		7113C3FC2AB6D68700B75B30 /* Storyboards */ = {
			isa = PBXGroup;
			children = (
				7113C3D32AB6D36700B75B30 /* Main.storyboard */,
				7113C3D82AB6D36800B75B30 /* LaunchScreen.storyboard */,
			);
			path = Storyboards;
			sourceTree = "<group>";
		};
		7113C3FD2AB6D6BD00B75B30 /* Controller */ = {
			isa = PBXGroup;
			children = (
				7113C3D12AB6D36700B75B30 /* ViewController.swift */,
				7113C4002AB6D71C00B75B30 /* Extension.swift */,
			);
			path = Controller;
			sourceTree = "<group>";
		};
		7113C3FE2AB6D6D500B75B30 /* TableViewCells */ = {
			isa = PBXGroup;
			children = (
				7113C3E12AB6D50C00B75B30 /* CategoriesCell.swift */,
				7113C3E92AB6D54D00B75B30 /* ProductsCell.swift */,
				7113C3EA2AB6D54D00B75B30 /* ProductsCell.xib */,
				7113C3E52AB6D52100B75B30 /* BannersCell.swift */,
				7113C3E62AB6D52100B75B30 /* BannersCell.xib */,
				7113C3E22AB6D50C00B75B30 /* CategoriesCell.xib */,
			);
			path = TableViewCells;
			sourceTree = "<group>";
		};
		7113C3FF2AB6D6E100B75B30 /* CollectionViewCells */ = {
			isa = PBXGroup;
			children = (
				7113C3ED2AB6D5E000B75B30 /* CategoryCollectionViewCell.swift */,
				7113C3F12AB6D5F100B75B30 /* BannerCollectionViewCell.swift */,
				7113C3F52AB6D60100B75B30 /* ProductCollectionViewCell.swift */,
				7113C3F62AB6D60100B75B30 /* ProductCollectionViewCell.xib */,
				7113C3F22AB6D5F100B75B30 /* BannerCollectionViewCell.xib */,
				7113C3EE2AB6D5E000B75B30 /* CategoryCollectionViewCell.xib */,
			);
			path = CollectionViewCells;
			sourceTree = "<group>";
		};
		7113C4062AB71C0000B75B30 /* ModelClass */ = {
			isa = PBXGroup;
			children = (
				7113C4022AB6D8C400B75B30 /* Model.swift */,
				7113C4042AB6DE7D00B75B30 /* ViewModel.swift */,
			);
			path = ModelClass;
			sourceTree = "<group>";
		};
		7113C4072AB71CCB00B75B30 /* Asset */ = {
			isa = PBXGroup;
			children = (
				7113C3D62AB6D36800B75B30 /* Assets.xcassets */,
			);
			path = Asset;
			sourceTree = "<group>";
		};
/* End PBXGroup section */

/* Begin PBXNativeTarget section */
		7113C3C92AB6D36700B75B30 /* Stores */ = {
			isa = PBXNativeTarget;
			buildConfigurationList = 7113C3DE2AB6D36800B75B30 /* Build configuration list for PBXNativeTarget "Stores" */;
			buildPhases = (
				7113C3C62AB6D36700B75B30 /* Sources */,
				7113C3C72AB6D36700B75B30 /* Frameworks */,
				7113C3C82AB6D36700B75B30 /* Resources */,
			);
			buildRules = (
			);
			dependencies = (
			);
			name = Stores;
			productName = Stores;
			productReference = 7113C3CA2AB6D36700B75B30 /* Stores.app */;
			productType = "com.apple.product-type.application";
		};
/* End PBXNativeTarget section */

/* Begin PBXProject section */
		7113C3C22AB6D36700B75B30 /* Project object */ = {
			isa = PBXProject;
			attributes = {
				BuildIndependentTargetsInParallel = 1;
				LastSwiftUpdateCheck = 1420;
				LastUpgradeCheck = 1420;
				TargetAttributes = {
					7113C3C92AB6D36700B75B30 = {
						CreatedOnToolsVersion = 14.2;
					};
				};
			};
			buildConfigurationList = 7113C3C52AB6D36700B75B30 /* Build configuration list for PBXProject "Stores" */;
			compatibilityVersion = "Xcode 14.0";
			developmentRegion = en;
			hasScannedForEncodings = 0;
			knownRegions = (
				en,
				Base,
			);
			mainGroup = 7113C3C12AB6D36700B75B30;
			productRefGroup = 7113C3CB2AB6D36700B75B30 /* Products */;
			projectDirPath = "";
			projectRoot = "";
			targets = (
				7113C3C92AB6D36700B75B30 /* Stores */,
			);
		};
/* End PBXProject section */

/* Begin PBXResourcesBuildPhase section */
		7113C3C82AB6D36700B75B30 /* Resources */ = {
			isa = PBXResourcesBuildPhase;
			buildActionMask = 2147483647;
			files = (
				7113C3E82AB6D52100B75B30 /* BannersCell.xib in Resources */,
				7113C3F02AB6D5E000B75B30 /* CategoryCollectionViewCell.xib in Resources */,
				7113C3F82AB6D60100B75B30 /* ProductCollectionViewCell.xib in Resources */,
				7113C3F42AB6D5F100B75B30 /* BannerCollectionViewCell.xib in Resources */,
				7113C3DA2AB6D36800B75B30 /* LaunchScreen.storyboard in Resources */,
				7113C3E42AB6D50C00B75B30 /* CategoriesCell.xib in Resources */,
				7113C3EC2AB6D54D00B75B30 /* ProductsCell.xib in Resources */,
				7113C3D72AB6D36800B75B30 /* Assets.xcassets in Resources */,
				7113C3D52AB6D36700B75B30 /* Main.storyboard in Resources */,
			);
			runOnlyForDeploymentPostprocessing = 0;
		};
/* End PBXResourcesBuildPhase section */

/* Begin PBXSourcesBuildPhase section */
		7113C3C62AB6D36700B75B30 /* Sources */ = {
			isa = PBXSourcesBuildPhase;
			buildActionMask = 2147483647;
			files = (
				7113C3E72AB6D52100B75B30 /* BannersCell.swift in Sources */,
				7113C3D22AB6D36700B75B30 /* ViewController.swift in Sources */,
				7113C3E32AB6D50C00B75B30 /* CategoriesCell.swift in Sources */,
				7113C3CE2AB6D36700B75B30 /* AppDelegate.swift in Sources */,
				7113C3D02AB6D36700B75B30 /* SceneDelegate.swift in Sources */,
				7113C4012AB6D71C00B75B30 /* Extension.swift in Sources */,
				7113C3EF2AB6D5E000B75B30 /* CategoryCollectionViewCell.swift in Sources */,
				7113C3F32AB6D5F100B75B30 /* BannerCollectionViewCell.swift in Sources */,
				7113C4032AB6D8C400B75B30 /* Model.swift in Sources */,
				7113C3F72AB6D60100B75B30 /* ProductCollectionViewCell.swift in Sources */,
				7113C4052AB6DE7D00B75B30 /* ViewModel.swift in Sources */,
				7113C3EB2AB6D54D00B75B30 /* ProductsCell.swift in Sources */,
			);
			runOnlyForDeploymentPostprocessing = 0;
		};
/* End PBXSourcesBuildPhase section */

/* Begin PBXVariantGroup section */
		7113C3D32AB6D36700B75B30 /* Main.storyboard */ = {
			isa = PBXVariantGroup;
			children = (
				7113C3D42AB6D36700B75B30 /* Base */,
			);
			name = Main.storyboard;
			sourceTree = "<group>";
		};
		7113C3D82AB6D36800B75B30 /* LaunchScreen.storyboard */ = {
			isa = PBXVariantGroup;
			children = (
				7113C3D92AB6D36800B75B30 /* Base */,
			);
			name = LaunchScreen.storyboard;
			sourceTree = "<group>";
		};
/* End PBXVariantGroup section */

/* Begin XCBuildConfiguration section */
		7113C3DC2AB6D36800B75B30 /* Debug */ = {
			isa = XCBuildConfiguration;
			buildSettings = {
				ALWAYS_SEARCH_USER_PATHS = NO;
				CLANG_ANALYZER_NONNULL = YES;
				CLANG_ANALYZER_NUMBER_OBJECT_CONVERSION = YES_AGGRESSIVE;
				CLANG_CXX_LANGUAGE_STANDARD = "gnu++20";
				CLANG_ENABLE_MODULES = YES;
				CLANG_ENABLE_OBJC_ARC = YES;
				CLANG_ENABLE_OBJC_WEAK = YES;
				CLANG_WARN_BLOCK_CAPTURE_AUTORELEASING = YES;
				CLANG_WARN_BOOL_CONVERSION = YES;
				CLANG_WARN_COMMA = YES;
				CLANG_WARN_CONSTANT_CONVERSION = YES;
				CLANG_WARN_DEPRECATED_OBJC_IMPLEMENTATIONS = YES;
				CLANG_WARN_DIRECT_OBJC_ISA_USAGE = YES_ERROR;
				CLANG_WARN_DOCUMENTATION_COMMENTS = YES;
				CLANG_WARN_EMPTY_BODY = YES;
				CLANG_WARN_ENUM_CONVERSION = YES;
				CLANG_WARN_INFINITE_RECURSION = YES;
				CLANG_WARN_INT_CONVERSION = YES;
				CLANG_WARN_NON_LITERAL_NULL_CONVERSION = YES;
				CLANG_WARN_OBJC_IMPLICIT_RETAIN_SELF = YES;
				CLANG_WARN_OBJC_LITERAL_CONVERSION = YES;
				CLANG_WARN_OBJC_ROOT_CLASS = YES_ERROR;
				CLANG_WARN_QUOTED_INCLUDE_IN_FRAMEWORK_HEADER = YES;
				CLANG_WARN_RANGE_LOOP_ANALYSIS = YES;
				CLANG_WARN_STRICT_PROTOTYPES = YES;
				CLANG_WARN_SUSPICIOUS_MOVE = YES;
				CLANG_WARN_UNGUARDED_AVAILABILITY = YES_AGGRESSIVE;
				CLANG_WARN_UNREACHABLE_CODE = YES;
				CLANG_WARN__DUPLICATE_METHOD_MATCH = YES;
				COPY_PHASE_STRIP = NO;
				DEBUG_INFORMATION_FORMAT = dwarf;
				ENABLE_STRICT_OBJC_MSGSEND = YES;
				ENABLE_TESTABILITY = YES;
				GCC_C_LANGUAGE_STANDARD = gnu11;
				GCC_DYNAMIC_NO_PIC = NO;
				GCC_NO_COMMON_BLOCKS = YES;
				GCC_OPTIMIZATION_LEVEL = 0;
				GCC_PREPROCESSOR_DEFINITIONS = (
					"DEBUG=1",
					"$(inherited)",
				);
				GCC_WARN_64_TO_32_BIT_CONVERSION = YES;
				GCC_WARN_ABOUT_RETURN_TYPE = YES_ERROR;
				GCC_WARN_UNDECLARED_SELECTOR = YES;
				GCC_WARN_UNINITIALIZED_AUTOS = YES_AGGRESSIVE;
				GCC_WARN_UNUSED_FUNCTION = YES;
				GCC_WARN_UNUSED_VARIABLE = YES;
				IPHONEOS_DEPLOYMENT_TARGET = 16.2;
				MTL_ENABLE_DEBUG_INFO = INCLUDE_SOURCE;
				MTL_FAST_MATH = YES;
				ONLY_ACTIVE_ARCH = YES;
				SDKROOT = iphoneos;
				SWIFT_ACTIVE_COMPILATION_CONDITIONS = DEBUG;
				SWIFT_OPTIMIZATION_LEVEL = "-Onone";
			};
			name = Debug;
		};
		7113C3DD2AB6D36800B75B30 /* Release */ = {
			isa = XCBuildConfiguration;
			buildSettings = {
				ALWAYS_SEARCH_USER_PATHS = NO;
				CLANG_ANALYZER_NONNULL = YES;
				CLANG_ANALYZER_NUMBER_OBJECT_CONVERSION = YES_AGGRESSIVE;
				CLANG_CXX_LANGUAGE_STANDARD = "gnu++20";
				CLANG_ENABLE_MODULES = YES;
				CLANG_ENABLE_OBJC_ARC = YES;
				CLANG_ENABLE_OBJC_WEAK = YES;
				CLANG_WARN_BLOCK_CAPTURE_AUTORELEASING = YES;
				CLANG_WARN_BOOL_CONVERSION = YES;
				CLANG_WARN_COMMA = YES;
				CLANG_WARN_CONSTANT_CONVERSION = YES;
				CLANG_WARN_DEPRECATED_OBJC_IMPLEMENTATIONS = YES;
				CLANG_WARN_DIRECT_OBJC_ISA_USAGE = YES_ERROR;
				CLANG_WARN_DOCUMENTATION_COMMENTS = YES;
				CLANG_WARN_EMPTY_BODY = YES;
				CLANG_WARN_ENUM_CONVERSION = YES;
				CLANG_WARN_INFINITE_RECURSION = YES;
				CLANG_WARN_INT_CONVERSION = YES;
				CLANG_WARN_NON_LITERAL_NULL_CONVERSION = YES;
				CLANG_WARN_OBJC_IMPLICIT_RETAIN_SELF = YES;
				CLANG_WARN_OBJC_LITERAL_CONVERSION = YES;
				CLANG_WARN_OBJC_ROOT_CLASS = YES_ERROR;
				CLANG_WARN_QUOTED_INCLUDE_IN_FRAMEWORK_HEADER = YES;
				CLANG_WARN_RANGE_LOOP_ANALYSIS = YES;
				CLANG_WARN_STRICT_PROTOTYPES = YES;
				CLANG_WARN_SUSPICIOUS_MOVE = YES;
				CLANG_WARN_UNGUARDED_AVAILABILITY = YES_AGGRESSIVE;
				CLANG_WARN_UNREACHABLE_CODE = YES;
				CLANG_WARN__DUPLICATE_METHOD_MATCH = YES;
				COPY_PHASE_STRIP = NO;
				DEBUG_INFORMATION_FORMAT = "dwarf-with-dsym";
				ENABLE_NS_ASSERTIONS = NO;
				ENABLE_STRICT_OBJC_MSGSEND = YES;
				GCC_C_LANGUAGE_STANDARD = gnu11;
				GCC_NO_COMMON_BLOCKS = YES;
				GCC_WARN_64_TO_32_BIT_CONVERSION = YES;
				GCC_WARN_ABOUT_RETURN_TYPE = YES_ERROR;
				GCC_WARN_UNDECLARED_SELECTOR = YES;
				GCC_WARN_UNINITIALIZED_AUTOS = YES_AGGRESSIVE;
				GCC_WARN_UNUSED_FUNCTION = YES;
				GCC_WARN_UNUSED_VARIABLE = YES;
				IPHONEOS_DEPLOYMENT_TARGET = 16.2;
				MTL_ENABLE_DEBUG_INFO = NO;
				MTL_FAST_MATH = YES;
				SDKROOT = iphoneos;
				SWIFT_COMPILATION_MODE = wholemodule;
				SWIFT_OPTIMIZATION_LEVEL = "-O";
				VALIDATE_PRODUCT = YES;
			};
			name = Release;
		};
		7113C3DF2AB6D36800B75B30 /* Debug */ = {
			isa = XCBuildConfiguration;
			buildSettings = {
				ASSETCATALOG_COMPILER_APPICON_NAME = AppIcon;
				ASSETCATALOG_COMPILER_GLOBAL_ACCENT_COLOR_NAME = AccentColor;
				CODE_SIGN_STYLE = Automatic;
				CURRENT_PROJECT_VERSION = 1;
				GENERATE_INFOPLIST_FILE = YES;
				INFOPLIST_FILE = Stores/Info.plist;
				INFOPLIST_KEY_UIApplicationSupportsIndirectInputEvents = YES;
				INFOPLIST_KEY_UILaunchStoryboardName = LaunchScreen;
				INFOPLIST_KEY_UIMainStoryboardFile = Main;
				INFOPLIST_KEY_UISupportedInterfaceOrientations_iPad = "UIInterfaceOrientationPortrait UIInterfaceOrientationPortraitUpsideDown UIInterfaceOrientationLandscapeLeft UIInterfaceOrientationLandscapeRight";
				INFOPLIST_KEY_UISupportedInterfaceOrientations_iPhone = "UIInterfaceOrientationPortrait UIInterfaceOrientationLandscapeLeft UIInterfaceOrientationLandscapeRight";
				LD_RUNPATH_SEARCH_PATHS = (
					"$(inherited)",
					"@executable_path/Frameworks",
				);
				MARKETING_VERSION = 1.0;
				PRODUCT_BUNDLE_IDENTIFIER = IOS.Stores;
				PRODUCT_NAME = "$(TARGET_NAME)";
				SWIFT_EMIT_LOC_STRINGS = YES;
				SWIFT_VERSION = 5.0;
				TARGETED_DEVICE_FAMILY = "1,2";
			};
			name = Debug;
		};
		7113C3E02AB6D36800B75B30 /* Release */ = {
			isa = XCBuildConfiguration;
			buildSettings = {
				ASSETCATALOG_COMPILER_APPICON_NAME = AppIcon;
				ASSETCATALOG_COMPILER_GLOBAL_ACCENT_COLOR_NAME = AccentColor;
				CODE_SIGN_STYLE = Automatic;
				CURRENT_PROJECT_VERSION = 1;
				GENERATE_INFOPLIST_FILE = YES;
				INFOPLIST_FILE = Stores/Info.plist;
				INFOPLIST_KEY_UIApplicationSupportsIndirectInputEvents = YES;
				INFOPLIST_KEY_UILaunchStoryboardName = LaunchScreen;
				INFOPLIST_KEY_UIMainStoryboardFile = Main;
				INFOPLIST_KEY_UISupportedInterfaceOrientations_iPad = "UIInterfaceOrientationPortrait UIInterfaceOrientationPortraitUpsideDown UIInterfaceOrientationLandscapeLeft UIInterfaceOrientationLandscapeRight";
				INFOPLIST_KEY_UISupportedInterfaceOrientations_iPhone = "UIInterfaceOrientationPortrait UIInterfaceOrientationLandscapeLeft UIInterfaceOrientationLandscapeRight";
				LD_RUNPATH_SEARCH_PATHS = (
					"$(inherited)",
					"@executable_path/Frameworks",
				);
				MARKETING_VERSION = 1.0;
				PRODUCT_BUNDLE_IDENTIFIER = IOS.Stores;
				PRODUCT_NAME = "$(TARGET_NAME)";
				SWIFT_EMIT_LOC_STRINGS = YES;
				SWIFT_VERSION = 5.0;
				TARGETED_DEVICE_FAMILY = "1,2";
			};
			name = Release;
		};
/* End XCBuildConfiguration section */

/* Begin XCConfigurationList section */
		7113C3C52AB6D36700B75B30 /* Build configuration list for PBXProject "Stores" */ = {
			isa = XCConfigurationList;
			buildConfigurations = (
				7113C3DC2AB6D36800B75B30 /* Debug */,
				7113C3DD2AB6D36800B75B30 /* Release */,
			);
			defaultConfigurationIsVisible = 0;
			defaultConfigurationName = Release;
		};
		7113C3DE2AB6D36800B75B30 /* Build configuration list for PBXNativeTarget "Stores" */ = {
			isa = XCConfigurationList;
			buildConfigurations = (
				7113C3DF2AB6D36800B75B30 /* Debug */,
				7113C3E02AB6D36800B75B30 /* Release */,
			);
			defaultConfigurationIsVisible = 0;
			defaultConfigurationName = Release;
		};
/* End XCConfigurationList section */
	};
	rootObject = 7113C3C22AB6D36700B75B30 /* Project object */;
}
